
Microsoft Visual Studio Solution File, Format Version 12.00
# Visual Studio 15
Project("{FAE04EC0-301F-11D3-BF4B-00C04F79EFBC}") = "Practise_BOIIII", "Practise_BOIIII\Practise_BOIIII.csproj", "{3D27BB79-3EBD-4595-8924-1CF55ACB59BA}"
EndProject
Global
	GlobalSection(SolutionConfigurationPlatforms) = preSolution
		Debug|Any CPU = Debug|Any CPU
		Release|Any CPU = Release|Any CPU
	EndGlobalSection
	GlobalSection(ProjectConfigurationPlatforms) = postSolution
		{3D27BB79-3EBD-4595-8924-1CF55ACB59BA}.Debug|Any CPU.ActiveCfg = Debug|Any CPU
		{3D27BB79-3EBD-4595-8924-1CF55ACB59BA}.Debug|Any CPU.Build.0 = Debug|Any CPU
		{3D27BB79-3EBD-4595-8924-1CF55ACB59BA}.Release|Any CPU.ActiveCfg = Release|Any CPU
		{3D27BB79-3EBD-4595-8924-1CF55ACB59BA}.Release|Any CPU.Build.0 = Release|Any CPU
	EndGlobalSection
EndGlobal
